PODS:
  - AFNetworking (1.3.3)
  - Godzippa (0.1.2)
  - HPGrowingTextView (1.0.1)
  - JSMessagesViewController (3.1.0)
  - MBProgressHUD (0.8)
  - PSTCollectionView (1.1.0)

DEPENDENCIES:
  - AFNetworking (~> 1.3.3)
  - Godzippa (~> 0.1.2)
  - HPGrowingTextView (~> 1.0.1)
  - JSMessagesViewController (~> 3.1.0)
  - MBProgressHUD (~> 0.8)
  - PSTCollectionView (~> 1.1.0)

SPEC CHECKSUMS:
  AFNetworking: 0700ec7a58c36ad217173e167f6e4df7270df66b
  Godzippa: 1634e19b3cf30370a1b8eb5402532188bee6b7bc
  HPGrowingTextView: fd77b93b9096dd1493a312c8856810b652b04dcc
  JSMessagesViewController: 8afcc9c612fa84be46b2058b4529412dbcfd1fad
  MBProgressHUD: 2bbc6f470111daf7f3eaa4eb12b8cbf01c4c0622
  PSTCollectionView: af42b0fb111200a1b87a04aee96181725977f19b

COCOAPODS: 0.27.1
