// !$*UTF8*$!
{
	archiveVersion = 1;
	classes = {
	};
	objectVersion = 46;
	objects = {

/* Begin PBXBuildFile section */
		77A5F7A317CB22960073E7F9 /* Foundation.framework in Frameworks */ = {isa = PBXBuildFile; fileRef = 77A5F7A217CB22960073E7F9 /* Foundation.framework */; };
		77A5F7A517CB22960073E7F9 /* CoreGraphics.framework in Frameworks */ = {isa = PBXBuildFile; fileRef = 77A5F7A417CB22960073E7F9 /* CoreGraphics.framework */; };
		77A5F7A717CB22960073E7F9 /* UIKit.framework in Frameworks */ = {isa = PBXBuildFile; fileRef = 77A5F7A617CB22960073E7F9 /* UIKit.framework */; };
		77A5F7AD17CB22960073E7F9 /* InfoPlist.strings in Resources */ = {isa = PBXBuildFile; fileRef = 77A5F7AB17CB22960073E7F9 /* InfoPlist.strings */; };
		77A5F7AF17CB22960073E7F9 /* main.m in Sources */ = {isa = PBXBuildFile; fileRef = 77A5F7AE17CB22960073E7F9 /* main.m */; };
		77A5F7B317CB22960073E7F9 /* FDAppDelegate.m in Sources */ = {isa = PBXBuildFile; fileRef = 77A5F7B217CB22960073E7F9 /* FDAppDelegate.m */; };
		77A5F7BC17CB22960073E7F9 /* FDFirstViewController.m in Sources */ = {isa = PBXBuildFile; fileRef = 77A5F7BB17CB22960073E7F9 /* FDFirstViewController.m */; };
		77A5F7BF17CB22960073E7F9 /* FDSecondViewController.m in Sources */ = {isa = PBXBuildFile; fileRef = 77A5F7BE17CB22960073E7F9 /* FDSecondViewController.m */; };
		77A5F7C117CB22960073E7F9 /* Images.xcassets in Resources */ = {isa = PBXBuildFile; fileRef = 77A5F7C017CB22960073E7F9 /* Images.xcassets */; };
		77A5F7C817CB22960073E7F9 /* XCTest.framework in Frameworks */ = {isa = PBXBuildFile; fileRef = 77A5F7C717CB22960073E7F9 /* XCTest.framework */; };
		77A5F7C917CB22960073E7F9 /* Foundation.framework in Frameworks */ = {isa = PBXBuildFile; fileRef = 77A5F7A217CB22960073E7F9 /* Foundation.framework */; };
		77A5F7CA17CB22960073E7F9 /* UIKit.framework in Frameworks */ = {isa = PBXBuildFile; fileRef = 77A5F7A617CB22960073E7F9 /* UIKit.framework */; };
		77A5F7D217CB22960073E7F9 /* InfoPlist.strings in Resources */ = {isa = PBXBuildFile; fileRef = 77A5F7D017CB22960073E7F9 /* InfoPlist.strings */; };
		77A5F7D417CB22960073E7F9 /* findTests.m in Sources */ = {isa = PBXBuildFile; fileRef = 77A5F7D317CB22960073E7F9 /* findTests.m */; };
		77A5F7E517CB2AB00073E7F9 /* LICENSE in Resources */ = {isa = PBXBuildFile; fileRef = 77A5F7DF17CB2AB00073E7F9 /* LICENSE */; };
		77A5F7E617CB2AB00073E7F9 /* RSTabBar.m in Sources */ = {isa = PBXBuildFile; fileRef = 77A5F7E117CB2AB00073E7F9 /* RSTabBar.m */; };
		77A5F7E717CB2AB00073E7F9 /* RSTabBarController.podspec in Resources */ = {isa = PBXBuildFile; fileRef = 77A5F7E217CB2AB00073E7F9 /* RSTabBarController.podspec */; };
		77A5F7E817CB2AB00073E7F9 /* RSTabBarViewController.m in Sources */ = {isa = PBXBuildFile; fileRef = 77A5F7E417CB2AB00073E7F9 /* RSTabBarViewController.m */; };
		77A5F7EE17CB2C7C0073E7F9 /* FDAppDelegate+Appearance.m in Sources */ = {isa = PBXBuildFile; fileRef = 77A5F7ED17CB2C7C0073E7F9 /* FDAppDelegate+Appearance.m */; };
		77A5F7F117CB2F410073E7F9 /* FDThirdViewController.m in Sources */ = {isa = PBXBuildFile; fileRef = 77A5F7F017CB2F410073E7F9 /* FDThirdViewController.m */; };
		77A5F7F417CB2F760073E7F9 /* FDForthViewController.m in Sources */ = {isa = PBXBuildFile; fileRef = 77A5F7F317CB2F760073E7F9 /* FDForthViewController.m */; };
		77A5F7F717CB30400073E7F9 /* FDFifthViewController.m in Sources */ = {isa = PBXBuildFile; fileRef = 77A5F7F617CB30400073E7F9 /* FDFifthViewController.m */; };
		77A5F89017CD95E80073E7F9 /* CFNetwork.framework in Frameworks */ = {isa = PBXBuildFile; fileRef = 77A5F88F17CD95E80073E7F9 /* CFNetwork.framework */; };
		77C0C8A517CDBA8F008C7FC7 /* AFHTTPClient.m in Sources */ = {isa = PBXBuildFile; fileRef = 77C0C89317CDBA8F008C7FC7 /* AFHTTPClient.m */; };
		77C0C8A617CDBA8F008C7FC7 /* AFHTTPRequestOperation.m in Sources */ = {isa = PBXBuildFile; fileRef = 77C0C89517CDBA8F008C7FC7 /* AFHTTPRequestOperation.m */; };
		77C0C8A717CDBA8F008C7FC7 /* AFImageRequestOperation.m in Sources */ = {isa = PBXBuildFile; fileRef = 77C0C89717CDBA8F008C7FC7 /* AFImageRequestOperation.m */; };
		77C0C8A817CDBA8F008C7FC7 /* AFJSONRequestOperation.m in Sources */ = {isa = PBXBuildFile; fileRef = 77C0C89917CDBA8F008C7FC7 /* AFJSONRequestOperation.m */; };
		77C0C8A917CDBA8F008C7FC7 /* AFNetworkActivityIndicatorManager.m in Sources */ = {isa = PBXBuildFile; fileRef = 77C0C89B17CDBA8F008C7FC7 /* AFNetworkActivityIndicatorManager.m */; };
		77C0C8AA17CDBA8F008C7FC7 /* AFPropertyListRequestOperation.m in Sources */ = {isa = PBXBuildFile; fileRef = 77C0C89E17CDBA8F008C7FC7 /* AFPropertyListRequestOperation.m */; };
		77C0C8AB17CDBA8F008C7FC7 /* AFURLConnectionOperation.m in Sources */ = {isa = PBXBuildFile; fileRef = 77C0C8A017CDBA8F008C7FC7 /* AFURLConnectionOperation.m */; };
		77C0C8AC17CDBA8F008C7FC7 /* AFXMLRequestOperation.m in Sources */ = {isa = PBXBuildFile; fileRef = 77C0C8A217CDBA8F008C7FC7 /* AFXMLRequestOperation.m */; };
		77C0C8AD17CDBA8F008C7FC7 /* UIImageView+AFNetworking.m in Sources */ = {isa = PBXBuildFile; fileRef = 77C0C8A417CDBA8F008C7FC7 /* UIImageView+AFNetworking.m */; };
		77C0C8C517CDD4B8008C7FC7 /* NSString+BundleExtensions.m in Sources */ = {isa = PBXBuildFile; fileRef = 77C0C8B717CDD4B8008C7FC7 /* NSString+BundleExtensions.m */; };
		77C0C8C617CDD4B8008C7FC7 /* NSString+ZBUtilites.m in Sources */ = {isa = PBXBuildFile; fileRef = 77C0C8B917CDD4B8008C7FC7 /* NSString+ZBUtilites.m */; };
		77C0C8C717CDD4B8008C7FC7 /* README.md in Resources */ = {isa = PBXBuildFile; fileRef = 77C0C8BA17CDD4B8008C7FC7 /* README.md */; };
		77C0C8C817CDD4B8008C7FC7 /* UIColor+Hex.m in Sources */ = {isa = PBXBuildFile; fileRef = 77C0C8BC17CDD4B8008C7FC7 /* UIColor+Hex.m */; };
		77C0C8C917CDD4B8008C7FC7 /* UIDevice+ZBUtilites.m in Sources */ = {isa = PBXBuildFile; fileRef = 77C0C8BE17CDD4B8008C7FC7 /* UIDevice+ZBUtilites.m */; };
		77C0C8CA17CDD4B8008C7FC7 /* ZBTextValidate.m in Sources */ = {isa = PBXBuildFile; fileRef = 77C0C8C017CDD4B8008C7FC7 /* ZBTextValidate.m */; };
		77C0C8CB17CDD4B8008C7FC7 /* ZBViewController.m in Sources */ = {isa = PBXBuildFile; fileRef = 77C0C8C217CDD4B8008C7FC7 /* ZBViewController.m */; };
		77C0C8D917CDDBA8008C7FC7 /* GTMBase64.m in Sources */ = {isa = PBXBuildFile; fileRef = 77C0C8D717CDDBA8008C7FC7 /* GTMBase64.m */; settings = {COMPILER_FLAGS = "-fno-objc-arc"; }; };
		77C0C8DD17CDDE6A008C7FC7 /* ZBQNPutPolicy.m in Sources */ = {isa = PBXBuildFile; fileRef = 77C0C8DC17CDDE6A008C7FC7 /* ZBQNPutPolicy.m */; };
		77C0C8E017CDE32C008C7FC7 /* ZBQNAFHTTPClient.m in Sources */ = {isa = PBXBuildFile; fileRef = 77C0C8DF17CDE32C008C7FC7 /* ZBQNAFHTTPClient.m */; };
		77C0C90A17CDEAE2008C7FC7 /* 1.jpg in Resources */ = {isa = PBXBuildFile; fileRef = 77C0C8FE17CDEAE2008C7FC7 /* 1.jpg */; };
		77C0C90B17CDEAE2008C7FC7 /* 2.jpg in Resources */ = {isa = PBXBuildFile; fileRef = 77C0C8FF17CDEAE2008C7FC7 /* 2.jpg */; };
		77C0C90C17CDEAE2008C7FC7 /* 3.jpg in Resources */ = {isa = PBXBuildFile; fileRef = 77C0C90017CDEAE2008C7FC7 /* 3.jpg */; };
		77C0C90D17CDEAE2008C7FC7 /* 4.jpg in Resources */ = {isa = PBXBuildFile; fileRef = 77C0C90117CDEAE2008C7FC7 /* 4.jpg */; };
		77C0C90E17CDEAE2008C7FC7 /* 5.jpg in Resources */ = {isa = PBXBuildFile; fileRef = 77C0C90217CDEAE2008C7FC7 /* 5.jpg */; };
		77C0C90F17CDEAE2008C7FC7 /* 6.jpg in Resources */ = {isa = PBXBuildFile; fileRef = 77C0C90317CDEAE2008C7FC7 /* 6.jpg */; };
		77C0C91017CDEAE2008C7FC7 /* 7.jpg in Resources */ = {isa = PBXBuildFile; fileRef = 77C0C90417CDEAE2008C7FC7 /* 7.jpg */; };
		77C0C91117CDEAE2008C7FC7 /* 8.jpg in Resources */ = {isa = PBXBuildFile; fileRef = 77C0C90517CDEAE2008C7FC7 /* 8.jpg */; };
		77C0C91217CDEAE2008C7FC7 /* 9.jpg in Resources */ = {isa = PBXBuildFile; fileRef = 77C0C90617CDEAE2008C7FC7 /* 9.jpg */; };
		77C0C91317CDEAE2008C7FC7 /* 10.jpg in Resources */ = {isa = PBXBuildFile; fileRef = 77C0C90717CDEAE2008C7FC7 /* 10.jpg */; };
		77C0C91417CDEAE2008C7FC7 /* 11.jpg in Resources */ = {isa = PBXBuildFile; fileRef = 77C0C90817CDEAE2008C7FC7 /* 11.jpg */; };
		77C0C91517CDEAE2008C7FC7 /* 12.jpg in Resources */ = {isa = PBXBuildFile; fileRef = 77C0C90917CDEAE2008C7FC7 /* 12.jpg */; };
/* End PBXBuildFile section */

/* Begin PBXContainerItemProxy section */
		77A5F7CB17CB22960073E7F9 /* PBXContainerItemProxy */ = {
			isa = PBXContainerItemProxy;
			containerPortal = 77A5F79717CB22960073E7F9 /* Project object */;
			proxyType = 1;
			remoteGlobalIDString = 77A5F79E17CB22960073E7F9;
			remoteInfo = find;
		};
/* End PBXContainerItemProxy section */

/* Begin PBXFileReference section */
		77A5F79F17CB22960073E7F9 /* find.app */ = {isa = PBXFileReference; explicitFileType = wrapper.application; includeInIndex = 0; path = find.app; sourceTree = BUILT_PRODUCTS_DIR; };
		77A5F7A217CB22960073E7F9 /* Foundation.framework */ = {isa = PBXFileReference; lastKnownFileType = wrapper.framework; name = Foundation.framework; path = System/Library/Frameworks/Foundation.framework; sourceTree = SDKROOT; };
		77A5F7A417CB22960073E7F9 /* CoreGraphics.framework */ = {isa = PBXFileReference; lastKnownFileType = wrapper.framework; name = CoreGraphics.framework; path = System/Library/Frameworks/CoreGraphics.framework; sourceTree = SDKROOT; };
		77A5F7A617CB22960073E7F9 /* UIKit.framework */ = {isa = PBXFileReference; lastKnownFileType = wrapper.framework; name = UIKit.framework; path = System/Library/Frameworks/UIKit.framework; sourceTree = SDKROOT; };
		77A5F7AA17CB22960073E7F9 /* find-Info.plist */ = {isa = PBXFileReference; lastKnownFileType = text.plist.xml; path = "find-Info.plist"; sourceTree = "<group>"; };
		77A5F7AC17CB22960073E7F9 /* en */ = {isa = PBXFileReference; lastKnownFileType = text.plist.strings; name = en; path = en.lproj/InfoPlist.strings; sourceTree = "<group>"; };
		77A5F7AE17CB22960073E7F9 /* main.m */ = {isa = PBXFileReference; lastKnownFileType = sourcecode.c.objc; path = main.m; sourceTree = "<group>"; };
		77A5F7B017CB22960073E7F9 /* find-Prefix.pch */ = {isa = PBXFileReference; lastKnownFileType = sourcecode.c.h; path = "find-Prefix.pch"; sourceTree = "<group>"; };
		77A5F7B117CB22960073E7F9 /* FDAppDelegate.h */ = {isa = PBXFileReference; lastKnownFileType = sourcecode.c.h; path = FDAppDelegate.h; sourceTree = "<group>"; };
		77A5F7B217CB22960073E7F9 /* FDAppDelegate.m */ = {isa = PBXFileReference; lastKnownFileType = sourcecode.c.objc; path = FDAppDelegate.m; sourceTree = "<group>"; };
		77A5F7BA17CB22960073E7F9 /* FDFirstViewController.h */ = {isa = PBXFileReference; lastKnownFileType = sourcecode.c.h; path = FDFirstViewController.h; sourceTree = "<group>"; };
		77A5F7BB17CB22960073E7F9 /* FDFirstViewController.m */ = {isa = PBXFileReference; lastKnownFileType = sourcecode.c.objc; path = FDFirstViewController.m; sourceTree = "<group>"; };
		77A5F7BD17CB22960073E7F9 /* FDSecondViewController.h */ = {isa = PBXFileReference; lastKnownFileType = sourcecode.c.h; path = FDSecondViewController.h; sourceTree = "<group>"; };
		77A5F7BE17CB22960073E7F9 /* FDSecondViewController.m */ = {isa = PBXFileReference; lastKnownFileType = sourcecode.c.objc; path = FDSecondViewController.m; sourceTree = "<group>"; };
		77A5F7C017CB22960073E7F9 /* Images.xcassets */ = {isa = PBXFileReference; lastKnownFileType = folder.assetcatalog; path = Images.xcassets; sourceTree = "<group>"; };
		77A5F7C617CB22960073E7F9 /* findTests.xctest */ = {isa = PBXFileReference; explicitFileType = wrapper.cfbundle; includeInIndex = 0; path = findTests.xctest; sourceTree = BUILT_PRODUCTS_DIR; };
		77A5F7C717CB22960073E7F9 /* XCTest.framework */ = {isa = PBXFileReference; lastKnownFileType = wrapper.framework; name = XCTest.framework; path = Library/Frameworks/XCTest.framework; sourceTree = DEVELOPER_DIR; };
		77A5F7CF17CB22960073E7F9 /* findTests-Info.plist */ = {isa = PBXFileReference; lastKnownFileType = text.plist.xml; path = "findTests-Info.plist"; sourceTree = "<group>"; };
		77A5F7D117CB22960073E7F9 /* en */ = {isa = PBXFileReference; lastKnownFileType = text.plist.strings; name = en; path = en.lproj/InfoPlist.strings; sourceTree = "<group>"; };
		77A5F7D317CB22960073E7F9 /* findTests.m */ = {isa = PBXFileReference; lastKnownFileType = sourcecode.c.objc; path = findTests.m; sourceTree = "<group>"; };
		77A5F7DF17CB2AB00073E7F9 /* LICENSE */ = {isa = PBXFileReference; fileEncoding = 4; lastKnownFileType = text; path = LICENSE; sourceTree = "<group>"; };
		77A5F7E017CB2AB00073E7F9 /* RSTabBar.h */ = {isa = PBXFileReference; fileEncoding = 4; lastKnownFileType = sourcecode.c.h; path = RSTabBar.h; sourceTree = "<group>"; };
		77A5F7E117CB2AB00073E7F9 /* RSTabBar.m */ = {isa = PBXFileReference; fileEncoding = 4; lastKnownFileType = sourcecode.c.objc; path = RSTabBar.m; sourceTree = "<group>"; };
		77A5F7E217CB2AB00073E7F9 /* RSTabBarController.podspec */ = {isa = PBXFileReference; fileEncoding = 4; lastKnownFileType = text; path = RSTabBarController.podspec; sourceTree = "<group>"; };
		77A5F7E317CB2AB00073E7F9 /* RSTabBarViewController.h */ = {isa = PBXFileReference; fileEncoding = 4; lastKnownFileType = sourcecode.c.h; path = RSTabBarViewController.h; sourceTree = "<group>"; };
		77A5F7E417CB2AB00073E7F9 /* RSTabBarViewController.m */ = {isa = PBXFileReference; fileEncoding = 4; lastKnownFileType = sourcecode.c.objc; path = RSTabBarViewController.m; sourceTree = "<group>"; };
		77A5F7EC17CB2C7C0073E7F9 /* FDAppDelegate+Appearance.h */ = {isa = PBXFileReference; fileEncoding = 4; lastKnownFileType = sourcecode.c.h; path = "FDAppDelegate+Appearance.h"; sourceTree = "<group>"; };
		77A5F7ED17CB2C7C0073E7F9 /* FDAppDelegate+Appearance.m */ = {isa = PBXFileReference; fileEncoding = 4; lastKnownFileType = sourcecode.c.objc; path = "FDAppDelegate+Appearance.m"; sourceTree = "<group>"; };
		77A5F7EF17CB2F410073E7F9 /* FDThirdViewController.h */ = {isa = PBXFileReference; fileEncoding = 4; lastKnownFileType = sourcecode.c.h; path = FDThirdViewController.h; sourceTree = "<group>"; };
		77A5F7F017CB2F410073E7F9 /* FDThirdViewController.m */ = {isa = PBXFileReference; fileEncoding = 4; lastKnownFileType = sourcecode.c.objc; path = FDThirdViewController.m; sourceTree = "<group>"; };
		77A5F7F217CB2F760073E7F9 /* FDForthViewController.h */ = {isa = PBXFileReference; fileEncoding = 4; lastKnownFileType = sourcecode.c.h; path = FDForthViewController.h; sourceTree = "<group>"; };
		77A5F7F317CB2F760073E7F9 /* FDForthViewController.m */ = {isa = PBXFileReference; fileEncoding = 4; lastKnownFileType = sourcecode.c.objc; path = FDForthViewController.m; sourceTree = "<group>"; };
		77A5F7F517CB30400073E7F9 /* FDFifthViewController.h */ = {isa = PBXFileReference; fileEncoding = 4; lastKnownFileType = sourcecode.c.h; path = FDFifthViewController.h; sourceTree = "<group>"; };
		77A5F7F617CB30400073E7F9 /* FDFifthViewController.m */ = {isa = PBXFileReference; fileEncoding = 4; lastKnownFileType = sourcecode.c.objc; path = FDFifthViewController.m; sourceTree = "<group>"; };
		77A5F88F17CD95E80073E7F9 /* CFNetwork.framework */ = {isa = PBXFileReference; lastKnownFileType = wrapper.framework; name = CFNetwork.framework; path = System/Library/Frameworks/CFNetwork.framework; sourceTree = SDKROOT; };
		77C0C89217CDBA8F008C7FC7 /* AFHTTPClient.h */ = {isa = PBXFileReference; fileEncoding = 4; lastKnownFileType = sourcecode.c.h; path = AFHTTPClient.h; sourceTree = "<group>"; };
		77C0C89317CDBA8F008C7FC7 /* AFHTTPClient.m */ = {isa = PBXFileReference; fileEncoding = 4; lastKnownFileType = sourcecode.c.objc; path = AFHTTPClient.m; sourceTree = "<group>"; };
		77C0C89417CDBA8F008C7FC7 /* AFHTTPRequestOperation.h */ = {isa = PBXFileReference; fileEncoding = 4; lastKnownFileType = sourcecode.c.h; path = AFHTTPRequestOperation.h; sourceTree = "<group>"; };
		77C0C89517CDBA8F008C7FC7 /* AFHTTPRequestOperation.m */ = {isa = PBXFileReference; fileEncoding = 4; lastKnownFileType = sourcecode.c.objc; path = AFHTTPRequestOperation.m; sourceTree = "<group>"; };
		77C0C89617CDBA8F008C7FC7 /* AFImageRequestOperation.h */ = {isa = PBXFileReference; fileEncoding = 4; lastKnownFileType = sourcecode.c.h; path = AFImageRequestOperation.h; sourceTree = "<group>"; };
		77C0C89717CDBA8F008C7FC7 /* AFImageRequestOperation.m */ = {isa = PBXFileReference; fileEncoding = 4; lastKnownFileType = sourcecode.c.objc; path = AFImageRequestOperation.m; sourceTree = "<group>"; };
		77C0C89817CDBA8F008C7FC7 /* AFJSONRequestOperation.h */ = {isa = PBXFileReference; fileEncoding = 4; lastKnownFileType = sourcecode.c.h; path = AFJSONRequestOperation.h; sourceTree = "<group>"; };
		77C0C89917CDBA8F008C7FC7 /* AFJSONRequestOperation.m */ = {isa = PBXFileReference; fileEncoding = 4; lastKnownFileType = sourcecode.c.objc; path = AFJSONRequestOperation.m; sourceTree = "<group>"; };
		77C0C89A17CDBA8F008C7FC7 /* AFNetworkActivityIndicatorManager.h */ = {isa = PBXFileReference; fileEncoding = 4; lastKnownFileType = sourcecode.c.h; path = AFNetworkActivityIndicatorManager.h; sourceTree = "<group>"; };
		77C0C89B17CDBA8F008C7FC7 /* AFNetworkActivityIndicatorManager.m */ = {isa = PBXFileReference; fileEncoding = 4; lastKnownFileType = sourcecode.c.objc; path = AFNetworkActivityIndicatorManager.m; sourceTree = "<group>"; };
		77C0C89C17CDBA8F008C7FC7 /* AFNetworking.h */ = {isa = PBXFileReference; fileEncoding = 4; lastKnownFileType = sourcecode.c.h; path = AFNetworking.h; sourceTree = "<group>"; };
		77C0C89D17CDBA8F008C7FC7 /* AFPropertyListRequestOperation.h */ = {isa = PBXFileReference; fileEncoding = 4; lastKnownFileType = sourcecode.c.h; path = AFPropertyListRequestOperation.h; sourceTree = "<group>"; };
		77C0C89E17CDBA8F008C7FC7 /* AFPropertyListRequestOperation.m */ = {isa = PBXFileReference; fileEncoding = 4; lastKnownFileType = sourcecode.c.objc; path = AFPropertyListRequestOperation.m; sourceTree = "<group>"; };
		77C0C89F17CDBA8F008C7FC7 /* AFURLConnectionOperation.h */ = {isa = PBXFileReference; fileEncoding = 4; lastKnownFileType = sourcecode.c.h; path = AFURLConnectionOperation.h; sourceTree = "<group>"; };
		77C0C8A017CDBA8F008C7FC7 /* AFURLConnectionOperation.m */ = {isa = PBXFileReference; fileEncoding = 4; lastKnownFileType = sourcecode.c.objc; path = AFURLConnectionOperation.m; sourceTree = "<group>"; };
		77C0C8A117CDBA8F008C7FC7 /* AFXMLRequestOperation.h */ = {isa = PBXFileReference; fileEncoding = 4; lastKnownFileType = sourcecode.c.h; path = AFXMLRequestOperation.h; sourceTree = "<group>"; };
		77C0C8A217CDBA8F008C7FC7 /* AFXMLRequestOperation.m */ = {isa = PBXFileReference; fileEncoding = 4; lastKnownFileType = sourcecode.c.objc; path = AFXMLRequestOperation.m; sourceTree = "<group>"; };
		77C0C8A317CDBA8F008C7FC7 /* UIImageView+AFNetworking.h */ = {isa = PBXFileReference; fileEncoding = 4; lastKnownFileType = sourcecode.c.h; path = "UIImageView+AFNetworking.h"; sourceTree = "<group>"; };
		77C0C8A417CDBA8F008C7FC7 /* UIImageView+AFNetworking.m */ = {isa = PBXFileReference; fileEncoding = 4; lastKnownFileType = sourcecode.c.objc; path = "UIImageView+AFNetworking.m"; sourceTree = "<group>"; };
		77C0C8B617CDD4B8008C7FC7 /* NSString+BundleExtensions.h */ = {isa = PBXFileReference; fileEncoding = 4; lastKnownFileType = sourcecode.c.h; path = "NSString+BundleExtensions.h"; sourceTree = "<group>"; };
		77C0C8B717CDD4B8008C7FC7 /* NSString+BundleExtensions.m */ = {isa = PBXFileReference; fileEncoding = 4; lastKnownFileType = sourcecode.c.objc; path = "NSString+BundleExtensions.m"; sourceTree = "<group>"; };
		77C0C8B817CDD4B8008C7FC7 /* NSString+ZBUtilites.h */ = {isa = PBXFileReference; fileEncoding = 4; lastKnownFileType = sourcecode.c.h; path = "NSString+ZBUtilites.h"; sourceTree = "<group>"; };
		77C0C8B917CDD4B8008C7FC7 /* NSString+ZBUtilites.m */ = {isa = PBXFileReference; fileEncoding = 4; lastKnownFileType = sourcecode.c.objc; path = "NSString+ZBUtilites.m"; sourceTree = "<group>"; };
		77C0C8BA17CDD4B8008C7FC7 /* README.md */ = {isa = PBXFileReference; fileEncoding = 4; lastKnownFileType = text; path = README.md; sourceTree = "<group>"; };
		77C0C8BB17CDD4B8008C7FC7 /* UIColor+Hex.h */ = {isa = PBXFileReference; fileEncoding = 4; lastKnownFileType = sourcecode.c.h; path = "UIColor+Hex.h"; sourceTree = "<group>"; };
		77C0C8BC17CDD4B8008C7FC7 /* UIColor+Hex.m */ = {isa = PBXFileReference; fileEncoding = 4; lastKnownFileType = sourcecode.c.objc; path = "UIColor+Hex.m"; sourceTree = "<group>"; };
		77C0C8BD17CDD4B8008C7FC7 /* UIDevice+ZBUtilites.h */ = {isa = PBXFileReference; fileEncoding = 4; lastKnownFileType = sourcecode.c.h; path = "UIDevice+ZBUtilites.h"; sourceTree = "<group>"; };
		77C0C8BE17CDD4B8008C7FC7 /* UIDevice+ZBUtilites.m */ = {isa = PBXFileReference; fileEncoding = 4; lastKnownFileType = sourcecode.c.objc; path = "UIDevice+ZBUtilites.m"; sourceTree = "<group>"; };
		77C0C8BF17CDD4B8008C7FC7 /* ZBTextValidate.h */ = {isa = PBXFileReference; fileEncoding = 4; lastKnownFileType = sourcecode.c.h; path = ZBTextValidate.h; sourceTree = "<group>"; };
		77C0C8C017CDD4B8008C7FC7 /* ZBTextValidate.m */ = {isa = PBXFileReference; fileEncoding = 4; lastKnownFileType = sourcecode.c.objc; path = ZBTextValidate.m; sourceTree = "<group>"; };
		77C0C8C117CDD4B8008C7FC7 /* ZBViewController.h */ = {isa = PBXFileReference; fileEncoding = 4; lastKnownFileType = sourcecode.c.h; path = ZBViewController.h; sourceTree = "<group>"; };
		77C0C8C217CDD4B8008C7FC7 /* ZBViewController.m */ = {isa = PBXFileReference; fileEncoding = 4; lastKnownFileType = sourcecode.c.objc; path = ZBViewController.m; sourceTree = "<group>"; };
		77C0C8D617CDDBA8008C7FC7 /* GTMBase64.h */ = {isa = PBXFileReference; fileEncoding = 4; lastKnownFileType = sourcecode.c.h; path = GTMBase64.h; sourceTree = "<group>"; };
		77C0C8D717CDDBA8008C7FC7 /* GTMBase64.m */ = {isa = PBXFileReference; fileEncoding = 4; lastKnownFileType = sourcecode.c.objc; path = GTMBase64.m; sourceTree = "<group>"; };
		77C0C8D817CDDBA8008C7FC7 /* GTMDefines.h */ = {isa = PBXFileReference; fileEncoding = 4; lastKnownFileType = sourcecode.c.h; path = GTMDefines.h; sourceTree = "<group>"; };
		77C0C8DB17CDDE6A008C7FC7 /* ZBQNPutPolicy.h */ = {isa = PBXFileReference; fileEncoding = 4; lastKnownFileType = sourcecode.c.h; name = ZBQNPutPolicy.h; path = QiNiu/ZBQNPutPolicy.h; sourceTree = "<group>"; };
		77C0C8DC17CDDE6A008C7FC7 /* ZBQNPutPolicy.m */ = {isa = PBXFileReference; fileEncoding = 4; lastKnownFileType = sourcecode.c.objc; name = ZBQNPutPolicy.m; path = QiNiu/ZBQNPutPolicy.m; sourceTree = "<group>"; };
		77C0C8DE17CDE32C008C7FC7 /* ZBQNAFHTTPClient.h */ = {isa = PBXFileReference; fileEncoding = 4; lastKnownFileType = sourcecode.c.h; name = ZBQNAFHTTPClient.h; path = QiNiu/ZBQNAFHTTPClient.h; sourceTree = "<group>"; };
		77C0C8DF17CDE32C008C7FC7 /* ZBQNAFHTTPClient.m */ = {isa = PBXFileReference; fileEncoding = 4; lastKnownFileType = sourcecode.c.objc; name = ZBQNAFHTTPClient.m; path = QiNiu/ZBQNAFHTTPClient.m; sourceTree = "<group>"; };
		77C0C8FE17CDEAE2008C7FC7 /* 1.jpg */ = {isa = PBXFileReference; lastKnownFileType = image.jpeg; path = 1.jpg; sourceTree = "<group>"; };
		77C0C8FF17CDEAE2008C7FC7 /* 2.jpg */ = {isa = PBXFileReference; lastKnownFileType = image.jpeg; path = 2.jpg; sourceTree = "<group>"; };
		77C0C90017CDEAE2008C7FC7 /* 3.jpg */ = {isa = PBXFileReference; lastKnownFileType = image.jpeg; path = 3.jpg; sourceTree = "<group>"; };
		77C0C90117CDEAE2008C7FC7 /* 4.jpg */ = {isa = PBXFileReference; lastKnownFileType = image.jpeg; path = 4.jpg; sourceTree = "<group>"; };
		77C0C90217CDEAE2008C7FC7 /* 5.jpg */ = {isa = PBXFileReference; lastKnownFileType = image.jpeg; path = 5.jpg; sourceTree = "<group>"; };
		77C0C90317CDEAE2008C7FC7 /* 6.jpg */ = {isa = PBXFileReference; lastKnownFileType = image.jpeg; path = 6.jpg; sourceTree = "<group>"; };
		77C0C90417CDEAE2008C7FC7 /* 7.jpg */ = {isa = PBXFileReference; lastKnownFileType = image.jpeg; path = 7.jpg; sourceTree = "<group>"; };
		77C0C90517CDEAE2008C7FC7 /* 8.jpg */ = {isa = PBXFileReference; lastKnownFileType = image.jpeg; path = 8.jpg; sourceTree = "<group>"; };
		77C0C90617CDEAE2008C7FC7 /* 9.jpg */ = {isa = PBXFileReference; lastKnownFileType = image.jpeg; path = 9.jpg; sourceTree = "<group>"; };
		77C0C90717CDEAE2008C7FC7 /* 10.jpg */ = {isa = PBXFileReference; lastKnownFileType = image.jpeg; path = 10.jpg; sourceTree = "<group>"; };
		77C0C90817CDEAE2008C7FC7 /* 11.jpg */ = {isa = PBXFileReference; lastKnownFileType = image.jpeg; path = 11.jpg; sourceTree = "<group>"; };
		77C0C90917CDEAE2008C7FC7 /* 12.jpg */ = {isa = PBXFileReference; lastKnownFileType = image.jpeg; path = 12.jpg; sourceTree = "<group>"; };
		77C0C91717CDF4DF008C7FC7 /* SIPP.gpx */ = {isa = PBXFileReference; lastKnownFileType = text.xml; path = SIPP.gpx; sourceTree = "<group>"; };
/* End PBXFileReference section */

/* Begin PBXFrameworksBuildPhase section */
		77A5F79C17CB22960073E7F9 /* Frameworks */ = {
			isa = PBXFrameworksBuildPhase;
			buildActionMask = 2147483647;
			files = (
				77A5F89017CD95E80073E7F9 /* CFNetwork.framework in Frameworks */,
				77A5F7A517CB22960073E7F9 /* CoreGraphics.framework in Frameworks */,
				77A5F7A717CB22960073E7F9 /* UIKit.framework in Frameworks */,
				77A5F7A317CB22960073E7F9 /* Foundation.framework in Frameworks */,
			);
			runOnlyForDeploymentPostprocessing = 0;
		};
		77A5F7C317CB22960073E7F9 /* Frameworks */ = {
			isa = PBXFrameworksBuildPhase;
			buildActionMask = 2147483647;
			files = (
				77A5F7C817CB22960073E7F9 /* XCTest.framework in Frameworks */,
				77A5F7CA17CB22960073E7F9 /* UIKit.framework in Frameworks */,
				77A5F7C917CB22960073E7F9 /* Foundation.framework in Frameworks */,
			);
			runOnlyForDeploymentPostprocessing = 0;
		};
/* End PBXFrameworksBuildPhase section */

/* Begin PBXGroup section */
		77A5F79617CB22960073E7F9 = {
			isa = PBXGroup;
			children = (
				77C0C8DA17CDDE1A008C7FC7 /* QiNiu */,
				77A5F7A817CB22960073E7F9 /* find */,
				77A5F7DD17CB2AB00073E7F9 /* Libraries */,
				77A5F7CD17CB22960073E7F9 /* findTests */,
				77A5F7A117CB22960073E7F9 /* Frameworks */,
				77A5F7A017CB22960073E7F9 /* Products */,
			);
			sourceTree = "<group>";
		};
		77A5F7A017CB22960073E7F9 /* Products */ = {
			isa = PBXGroup;
			children = (
				77A5F79F17CB22960073E7F9 /* find.app */,
				77A5F7C617CB22960073E7F9 /* findTests.xctest */,
			);
			name = Products;
			sourceTree = "<group>";
		};
		77A5F7A117CB22960073E7F9 /* Frameworks */ = {
			isa = PBXGroup;
			children = (
				77A5F88F17CD95E80073E7F9 /* CFNetwork.framework */,
				77A5F7A217CB22960073E7F9 /* Foundation.framework */,
				77A5F7A417CB22960073E7F9 /* CoreGraphics.framework */,
				77A5F7A617CB22960073E7F9 /* UIKit.framework */,
				77A5F7C717CB22960073E7F9 /* XCTest.framework */,
			);
			name = Frameworks;
			sourceTree = "<group>";
		};
		77A5F7A817CB22960073E7F9 /* find */ = {
			isa = PBXGroup;
			children = (
				77A5F7B117CB22960073E7F9 /* FDAppDelegate.h */,
				77A5F7B217CB22960073E7F9 /* FDAppDelegate.m */,
				77A5F7EC17CB2C7C0073E7F9 /* FDAppDelegate+Appearance.h */,
				77A5F7ED17CB2C7C0073E7F9 /* FDAppDelegate+Appearance.m */,
				77A5F7BA17CB22960073E7F9 /* FDFirstViewController.h */,
				77A5F7BB17CB22960073E7F9 /* FDFirstViewController.m */,
				77A5F7BD17CB22960073E7F9 /* FDSecondViewController.h */,
				77A5F7BE17CB22960073E7F9 /* FDSecondViewController.m */,
				77A5F7EF17CB2F410073E7F9 /* FDThirdViewController.h */,
				77A5F7F017CB2F410073E7F9 /* FDThirdViewController.m */,
				77A5F7F217CB2F760073E7F9 /* FDForthViewController.h */,
				77A5F7F317CB2F760073E7F9 /* FDForthViewController.m */,
				77A5F7F517CB30400073E7F9 /* FDFifthViewController.h */,
				77A5F7F617CB30400073E7F9 /* FDFifthViewController.m */,
				77A5F7C017CB22960073E7F9 /* Images.xcassets */,
				77A5F7A917CB22960073E7F9 /* Supporting Files */,
			);
			path = find;
			sourceTree = "<group>";
		};
		77A5F7A917CB22960073E7F9 /* Supporting Files */ = {
			isa = PBXGroup;
			children = (
				77C0C91617CDF4A8008C7FC7 /* TestLocations */,
				77C0C8E117CDEA3F008C7FC7 /* TestPhotos */,
				77A5F7AA17CB22960073E7F9 /* find-Info.plist */,
				77A5F7AB17CB22960073E7F9 /* InfoPlist.strings */,
				77A5F7AE17CB22960073E7F9 /* main.m */,
				77A5F7B017CB22960073E7F9 /* find-Prefix.pch */,
			);
			name = "Supporting Files";
			sourceTree = "<group>";
		};
		77A5F7CD17CB22960073E7F9 /* findTests */ = {
			isa = PBXGroup;
			children = (
				77A5F7D317CB22960073E7F9 /* findTests.m */,
				77A5F7CE17CB22960073E7F9 /* Supporting Files */,
			);
			path = findTests;
			sourceTree = "<group>";
		};
		77A5F7CE17CB22960073E7F9 /* Supporting Files */ = {
			isa = PBXGroup;
			children = (
				77A5F7CF17CB22960073E7F9 /* findTests-Info.plist */,
				77A5F7D017CB22960073E7F9 /* InfoPlist.strings */,
			);
			name = "Supporting Files";
			sourceTree = "<group>";
		};
		77A5F7DD17CB2AB00073E7F9 /* Libraries */ = {
			isa = PBXGroup;
			children = (
				77C0C8D517CDDBA8008C7FC7 /* GTMBase64 */,
				77C0C8B217CDD4B8008C7FC7 /* ZBUtilities */,
				77C0C89117CDBA8F008C7FC7 /* AFNetworking */,
				77A5F7DE17CB2AB00073E7F9 /* RSTabBarController */,
			);
			path = Libraries;
			sourceTree = SOURCE_ROOT;
		};
		77A5F7DE17CB2AB00073E7F9 /* RSTabBarController */ = {
			isa = PBXGroup;
			children = (
				77A5F7DF17CB2AB00073E7F9 /* LICENSE */,
				77A5F7E017CB2AB00073E7F9 /* RSTabBar.h */,
				77A5F7E117CB2AB00073E7F9 /* RSTabBar.m */,
				77A5F7E217CB2AB00073E7F9 /* RSTabBarController.podspec */,
				77A5F7E317CB2AB00073E7F9 /* RSTabBarViewController.h */,
				77A5F7E417CB2AB00073E7F9 /* RSTabBarViewController.m */,
			);
			path = RSTabBarController;
			sourceTree = "<group>";
		};
		77C0C89117CDBA8F008C7FC7 /* AFNetworking */ = {
			isa = PBXGroup;
			children = (
				77C0C89217CDBA8F008C7FC7 /* AFHTTPClient.h */,
				77C0C89317CDBA8F008C7FC7 /* AFHTTPClient.m */,
				77C0C89417CDBA8F008C7FC7 /* AFHTTPRequestOperation.h */,
				77C0C89517CDBA8F008C7FC7 /* AFHTTPRequestOperation.m */,
				77C0C89617CDBA8F008C7FC7 /* AFImageRequestOperation.h */,
				77C0C89717CDBA8F008C7FC7 /* AFImageRequestOperation.m */,
				77C0C89817CDBA8F008C7FC7 /* AFJSONRequestOperation.h */,
				77C0C89917CDBA8F008C7FC7 /* AFJSONRequestOperation.m */,
				77C0C89A17CDBA8F008C7FC7 /* AFNetworkActivityIndicatorManager.h */,
				77C0C89B17CDBA8F008C7FC7 /* AFNetworkActivityIndicatorManager.m */,
				77C0C89C17CDBA8F008C7FC7 /* AFNetworking.h */,
				77C0C89D17CDBA8F008C7FC7 /* AFPropertyListRequestOperation.h */,
				77C0C89E17CDBA8F008C7FC7 /* AFPropertyListRequestOperation.m */,
				77C0C89F17CDBA8F008C7FC7 /* AFURLConnectionOperation.h */,
				77C0C8A017CDBA8F008C7FC7 /* AFURLConnectionOperation.m */,
				77C0C8A117CDBA8F008C7FC7 /* AFXMLRequestOperation.h */,
				77C0C8A217CDBA8F008C7FC7 /* AFXMLRequestOperation.m */,
				77C0C8A317CDBA8F008C7FC7 /* UIImageView+AFNetworking.h */,
				77C0C8A417CDBA8F008C7FC7 /* UIImageView+AFNetworking.m */,
			);
			name = AFNetworking;
			path = AFNetworking/AFNetworking;
			sourceTree = "<group>";
		};
		77C0C8B217CDD4B8008C7FC7 /* ZBUtilities */ = {
			isa = PBXGroup;
			children = (
				77C0C8B617CDD4B8008C7FC7 /* NSString+BundleExtensions.h */,
				77C0C8B717CDD4B8008C7FC7 /* NSString+BundleExtensions.m */,
				77C0C8B817CDD4B8008C7FC7 /* NSString+ZBUtilites.h */,
				77C0C8B917CDD4B8008C7FC7 /* NSString+ZBUtilites.m */,
				77C0C8BA17CDD4B8008C7FC7 /* README.md */,
				77C0C8BB17CDD4B8008C7FC7 /* UIColor+Hex.h */,
				77C0C8BC17CDD4B8008C7FC7 /* UIColor+Hex.m */,
				77C0C8BD17CDD4B8008C7FC7 /* UIDevice+ZBUtilites.h */,
				77C0C8BE17CDD4B8008C7FC7 /* UIDevice+ZBUtilites.m */,
				77C0C8BF17CDD4B8008C7FC7 /* ZBTextValidate.h */,
				77C0C8C017CDD4B8008C7FC7 /* ZBTextValidate.m */,
				77C0C8C117CDD4B8008C7FC7 /* ZBViewController.h */,
				77C0C8C217CDD4B8008C7FC7 /* ZBViewController.m */,
			);
			path = ZBUtilities;
			sourceTree = "<group>";
		};
		77C0C8D517CDDBA8008C7FC7 /* GTMBase64 */ = {
			isa = PBXGroup;
			children = (
				77C0C8D617CDDBA8008C7FC7 /* GTMBase64.h */,
				77C0C8D717CDDBA8008C7FC7 /* GTMBase64.m */,
				77C0C8D817CDDBA8008C7FC7 /* GTMDefines.h */,
			);
			name = GTMBase64;
			path = GTMBase64/GTMBase64;
			sourceTree = "<group>";
		};
		77C0C8DA17CDDE1A008C7FC7 /* QiNiu */ = {
			isa = PBXGroup;
			children = (
				77C0C8DB17CDDE6A008C7FC7 /* ZBQNPutPolicy.h */,
				77C0C8DC17CDDE6A008C7FC7 /* ZBQNPutPolicy.m */,
				77C0C8DE17CDE32C008C7FC7 /* ZBQNAFHTTPClient.h */,
				77C0C8DF17CDE32C008C7FC7 /* ZBQNAFHTTPClient.m */,
			);
			name = QiNiu;
			sourceTree = "<group>";
		};
		77C0C8E117CDEA3F008C7FC7 /* TestPhotos */ = {
			isa = PBXGroup;
			children = (
				77C0C8FE17CDEAE2008C7FC7 /* 1.jpg */,
				77C0C8FF17CDEAE2008C7FC7 /* 2.jpg */,
				77C0C90017CDEAE2008C7FC7 /* 3.jpg */,
				77C0C90117CDEAE2008C7FC7 /* 4.jpg */,
				77C0C90217CDEAE2008C7FC7 /* 5.jpg */,
				77C0C90317CDEAE2008C7FC7 /* 6.jpg */,
				77C0C90417CDEAE2008C7FC7 /* 7.jpg */,
				77C0C90517CDEAE2008C7FC7 /* 8.jpg */,
				77C0C90617CDEAE2008C7FC7 /* 9.jpg */,
				77C0C90717CDEAE2008C7FC7 /* 10.jpg */,
				77C0C90817CDEAE2008C7FC7 /* 11.jpg */,
				77C0C90917CDEAE2008C7FC7 /* 12.jpg */,
			);
			path = TestPhotos;
			sourceTree = SOURCE_ROOT;
		};
		77C0C91617CDF4A8008C7FC7 /* TestLocations */ = {
			isa = PBXGroup;
			children = (
				77C0C91717CDF4DF008C7FC7 /* SIPP.gpx */,
			);
			path = TestLocations;
			sourceTree = SOURCE_ROOT;
		};
/* End PBXGroup section */

/* Begin PBXNativeTarget section */
		77A5F79E17CB22960073E7F9 /* find */ = {
			isa = PBXNativeTarget;
			buildConfigurationList = 77A5F7D717CB22960073E7F9 /* Build configuration list for PBXNativeTarget "find" */;
			buildPhases = (
				77A5F79B17CB22960073E7F9 /* Sources */,
				77A5F79C17CB22960073E7F9 /* Frameworks */,
				77A5F79D17CB22960073E7F9 /* Resources */,
			);
			buildRules = (
			);
			dependencies = (
			);
			name = find;
			productName = find;
			productReference = 77A5F79F17CB22960073E7F9 /* find.app */;
			productType = "com.apple.product-type.application";
		};
		77A5F7C517CB22960073E7F9 /* findTests */ = {
			isa = PBXNativeTarget;
			buildConfigurationList = 77A5F7DA17CB22960073E7F9 /* Build configuration list for PBXNativeTarget "findTests" */;
			buildPhases = (
				77A5F7C217CB22960073E7F9 /* Sources */,
				77A5F7C317CB22960073E7F9 /* Frameworks */,
				77A5F7C417CB22960073E7F9 /* Resources */,
			);
			buildRules = (
			);
			dependencies = (
				77A5F7CC17CB22960073E7F9 /* PBXTargetDependency */,
			);
			name = findTests;
			productName = findTests;
			productReference = 77A5F7C617CB22960073E7F9 /* findTests.xctest */;
			productType = "com.apple.product-type.bundle.unit-test";
		};
/* End PBXNativeTarget section */

/* Begin PBXProject section */
		77A5F79717CB22960073E7F9 /* Project object */ = {
			isa = PBXProject;
			attributes = {
				CLASSPREFIX = FD;
				LastUpgradeCheck = 0500;
				ORGANIZATIONNAME = ZoomBin;
				TargetAttributes = {
					77A5F79E17CB22960073E7F9 = {
						DevelopmentTeam = 2S362SNNP3;
					};
					77A5F7C517CB22960073E7F9 = {
						TestTargetID = 77A5F79E17CB22960073E7F9;
					};
				};
			};
			buildConfigurationList = 77A5F79A17CB22960073E7F9 /* Build configuration list for PBXProject "find" */;
			compatibilityVersion = "Xcode 3.2";
			developmentRegion = English;
			hasScannedForEncodings = 0;
			knownRegions = (
				en,
				Base,
			);
			mainGroup = 77A5F79617CB22960073E7F9;
			productRefGroup = 77A5F7A017CB22960073E7F9 /* Products */;
			projectDirPath = "";
			projectRoot = "";
			targets = (
				77A5F79E17CB22960073E7F9 /* find */,
				77A5F7C517CB22960073E7F9 /* findTests */,
			);
		};
/* End PBXProject section */

/* Begin PBXResourcesBuildPhase section */
		77A5F79D17CB22960073E7F9 /* Resources */ = {
			isa = PBXResourcesBuildPhase;
			buildActionMask = 2147483647;
			files = (
				77C0C90F17CDEAE2008C7FC7 /* 6.jpg in Resources */,
				77C0C8C717CDD4B8008C7FC7 /* README.md in Resources */,
				77C0C91517CDEAE2008C7FC7 /* 12.jpg in Resources */,
				77C0C90E17CDEAE2008C7FC7 /* 5.jpg in Resources */,
				77C0C91017CDEAE2008C7FC7 /* 7.jpg in Resources */,
				77A5F7E717CB2AB00073E7F9 /* RSTabBarController.podspec in Resources */,
				77C0C91117CDEAE2008C7FC7 /* 8.jpg in Resources */,
				77C0C90B17CDEAE2008C7FC7 /* 2.jpg in Resources */,
				77C0C91417CDEAE2008C7FC7 /* 11.jpg in Resources */,
				77A5F7C117CB22960073E7F9 /* Images.xcassets in Resources */,
				77C0C90A17CDEAE2008C7FC7 /* 1.jpg in Resources */,
				77C0C91217CDEAE2008C7FC7 /* 9.jpg in Resources */,
				77C0C91317CDEAE2008C7FC7 /* 10.jpg in Resources */,
				77A5F7AD17CB22960073E7F9 /* InfoPlist.strings in Resources */,
				77C0C90D17CDEAE2008C7FC7 /* 4.jpg in Resources */,
				77A5F7E517CB2AB00073E7F9 /* LICENSE in Resources */,
				77C0C90C17CDEAE2008C7FC7 /* 3.jpg in Resources */,
			);
			runOnlyForDeploymentPostprocessing = 0;
		};
		77A5F7C417CB22960073E7F9 /* Resources */ = {
			isa = PBXResourcesBuildPhase;
			buildActionMask = 2147483647;
			files = (
				77A5F7D217CB22960073E7F9 /* InfoPlist.strings in Resources */,
			);
			runOnlyForDeploymentPostprocessing = 0;
		};
/* End PBXResourcesBuildPhase section */

/* Begin PBXSourcesBuildPhase section */
		77A5F79B17CB22960073E7F9 /* Sources */ = {
			isa = PBXSourcesBuildPhase;
			buildActionMask = 2147483647;
			files = (
				77C0C8A617CDBA8F008C7FC7 /* AFHTTPRequestOperation.m in Sources */,
				77A5F7BF17CB22960073E7F9 /* FDSecondViewController.m in Sources */,
				77A5F7F417CB2F760073E7F9 /* FDForthViewController.m in Sources */,
				77A5F7BC17CB22960073E7F9 /* FDFirstViewController.m in Sources */,
				77A5F7EE17CB2C7C0073E7F9 /* FDAppDelegate+Appearance.m in Sources */,
				77A5F7F717CB30400073E7F9 /* FDFifthViewController.m in Sources */,
				77A5F7B317CB22960073E7F9 /* FDAppDelegate.m in Sources */,
				77A5F7AF17CB22960073E7F9 /* main.m in Sources */,
				77C0C8C617CDD4B8008C7FC7 /* NSString+ZBUtilites.m in Sources */,
				77C0C8CB17CDD4B8008C7FC7 /* ZBViewController.m in Sources */,
				77C0C8E017CDE32C008C7FC7 /* ZBQNAFHTTPClient.m in Sources */,
				77C0C8C917CDD4B8008C7FC7 /* UIDevice+ZBUtilites.m in Sources */,
				77A5F7E617CB2AB00073E7F9 /* RSTabBar.m in Sources */,
				77C0C8AD17CDBA8F008C7FC7 /* UIImageView+AFNetworking.m in Sources */,
				77C0C8CA17CDD4B8008C7FC7 /* ZBTextValidate.m in Sources */,
				77C0C8DD17CDDE6A008C7FC7 /* ZBQNPutPolicy.m in Sources */,
				77C0C8AB17CDBA8F008C7FC7 /* AFURLConnectionOperation.m in Sources */,
				77C0C8C817CDD4B8008C7FC7 /* UIColor+Hex.m in Sources */,
				77C0C8AC17CDBA8F008C7FC7 /* AFXMLRequestOperation.m in Sources */,
				77C0C8A717CDBA8F008C7FC7 /* AFImageRequestOperation.m in Sources */,
				77C0C8AA17CDBA8F008C7FC7 /* AFPropertyListRequestOperation.m in Sources */,
				77C0C8C517CDD4B8008C7FC7 /* NSString+BundleExtensions.m in Sources */,
				77C0C8A817CDBA8F008C7FC7 /* AFJSONRequestOperation.m in Sources */,
				77A5F7F117CB2F410073E7F9 /* FDThirdViewController.m in Sources */,
				77C0C8A517CDBA8F008C7FC7 /* AFHTTPClient.m in Sources */,
				77A5F7E817CB2AB00073E7F9 /* RSTabBarViewController.m in Sources */,
				77C0C8D917CDDBA8008C7FC7 /* GTMBase64.m in Sources */,
				77C0C8A917CDBA8F008C7FC7 /* AFNetworkActivityIndicatorManager.m in Sources */,
			);
			runOnlyForDeploymentPostprocessing = 0;
		};
		77A5F7C217CB22960073E7F9 /* Sources */ = {
			isa = PBXSourcesBuildPhase;
			buildActionMask = 2147483647;
			files = (
				77A5F7D417CB22960073E7F9 /* findTests.m in Sources */,
			);
			runOnlyForDeploymentPostprocessing = 0;
		};
/* End PBXSourcesBuildPhase section */

/* Begin PBXTargetDependency section */
		77A5F7CC17CB22960073E7F9 /* PBXTargetDependency */ = {
			isa = PBXTargetDependency;
			target = 77A5F79E17CB22960073E7F9 /* find */;
			targetProxy = 77A5F7CB17CB22960073E7F9 /* PBXContainerItemProxy */;
		};
/* End PBXTargetDependency section */

/* Begin PBXVariantGroup section */
		77A5F7AB17CB22960073E7F9 /* InfoPlist.strings */ = {
			isa = PBXVariantGroup;
			children = (
				77A5F7AC17CB22960073E7F9 /* en */,
			);
			name = InfoPlist.strings;
			sourceTree = "<group>";
		};
		77A5F7D017CB22960073E7F9 /* InfoPlist.strings */ = {
			isa = PBXVariantGroup;
			children = (
				77A5F7D117CB22960073E7F9 /* en */,
			);
			name = InfoPlist.strings;
			sourceTree = "<group>";
		};
/* End PBXVariantGroup section */

/* Begin XCBuildConfiguration section */
		77A5F7D517CB22960073E7F9 /* Debug */ = {
			isa = XCBuildConfiguration;
			buildSettings = {
				ALWAYS_SEARCH_USER_PATHS = NO;
				CLANG_CXX_LANGUAGE_STANDARD = "gnu++0x";
				CLANG_CXX_LIBRARY = "libc++";
				CLANG_ENABLE_MODULES = YES;
				CLANG_ENABLE_OBJC_ARC = YES;
				CLANG_WARN_BOOL_CONVERSION = YES;
				CLANG_WARN_CONSTANT_CONVERSION = YES;
				CLANG_WARN_DIRECT_OBJC_ISA_USAGE = YES_ERROR;
				CLANG_WARN_EMPTY_BODY = YES;
				CLANG_WARN_ENUM_CONVERSION = YES;
				CLANG_WARN_INT_CONVERSION = YES;
				CLANG_WARN_OBJC_ROOT_CLASS = YES_ERROR;
				CLANG_WARN__DUPLICATE_METHOD_MATCH = YES;
				"CODE_SIGN_IDENTITY[sdk=iphoneos*]" = "iPhone Developer";
				COPY_PHASE_STRIP = NO;
				GCC_C_LANGUAGE_STANDARD = gnu99;
				GCC_DYNAMIC_NO_PIC = NO;
				GCC_OPTIMIZATION_LEVEL = 0;
				GCC_PREPROCESSOR_DEFINITIONS = (
					"DEBUG=1",
					"$(inherited)",
				);
				GCC_SYMBOLS_PRIVATE_EXTERN = NO;
				GCC_WARN_ABOUT_RETURN_TYPE = YES_ERROR;
				GCC_WARN_UNDECLARED_SELECTOR = YES;
				GCC_WARN_UNINITIALIZED_AUTOS = YES;
				GCC_WARN_UNUSED_FUNCTION = YES;
				GCC_WARN_UNUSED_VARIABLE = YES;
				IPHONEOS_DEPLOYMENT_TARGET = 7.0;
				ONLY_ACTIVE_ARCH = YES;
				SDKROOT = iphoneos;
				TARGETED_DEVICE_FAMILY = "1,2";
			};
			name = Debug;
		};
		77A5F7D617CB22960073E7F9 /* Release */ = {
			isa = XCBuildConfiguration;
			buildSettings = {
				ALWAYS_SEARCH_USER_PATHS = NO;
				CLANG_CXX_LANGUAGE_STANDARD = "gnu++0x";
				CLANG_CXX_LIBRARY = "libc++";
				CLANG_ENABLE_MODULES = YES;
				CLANG_ENABLE_OBJC_ARC = YES;
				CLANG_WARN_BOOL_CONVERSION = YES;
				CLANG_WARN_CONSTANT_CONVERSION = YES;
				CLANG_WARN_DIRECT_OBJC_ISA_USAGE = YES_ERROR;
				CLANG_WARN_EMPTY_BODY = YES;
				CLANG_WARN_ENUM_CONVERSION = YES;
				CLANG_WARN_INT_CONVERSION = YES;
				CLANG_WARN_OBJC_ROOT_CLASS = YES_ERROR;
				CLANG_WARN__DUPLICATE_METHOD_MATCH = YES;
				"CODE_SIGN_IDENTITY[sdk=iphoneos*]" = "iPhone Developer";
				COPY_PHASE_STRIP = YES;
				ENABLE_NS_ASSERTIONS = NO;
				GCC_C_LANGUAGE_STANDARD = gnu99;
				GCC_WARN_ABOUT_RETURN_TYPE = YES_ERROR;
				GCC_WARN_UNDECLARED_SELECTOR = YES;
				GCC_WARN_UNINITIALIZED_AUTOS = YES;
				GCC_WARN_UNUSED_FUNCTION = YES;
				GCC_WARN_UNUSED_VARIABLE = YES;
				IPHONEOS_DEPLOYMENT_TARGET = 7.0;
				SDKROOT = iphoneos;
				TARGETED_DEVICE_FAMILY = "1,2";
				VALIDATE_PRODUCT = YES;
			};
			name = Release;
		};
		77A5F7D817CB22960073E7F9 /* Debug */ = {
			isa = XCBuildConfiguration;
			buildSettings = {
				ASSETCATALOG_COMPILER_APPICON_NAME = AppIcon;
				ASSETCATALOG_COMPILER_LAUNCHIMAGE_NAME = LaunchImage;
				CODE_SIGN_IDENTITY = "iPhone Developer";
				GCC_PRECOMPILE_PREFIX_HEADER = YES;
				GCC_PREFIX_HEADER = "find/find-Prefix.pch";
				INFOPLIST_FILE = "find/find-Info.plist";
				IPHONEOS_DEPLOYMENT_TARGET = 6.0;
				LIBRARY_SEARCH_PATHS = (
					"$(inherited)",
					"/Users/zhangbin/Documents/Git/find-ios/find/Libraries/Qiniu/QiniuSDK",
				);
				PRODUCT_NAME = "$(TARGET_NAME)";
				WRAPPER_EXTENSION = app;
			};
			name = Debug;
		};
		77A5F7D917CB22960073E7F9 /* Release */ = {
			isa = XCBuildConfiguration;
			buildSettings = {
				ASSETCATALOG_COMPILER_APPICON_NAME = AppIcon;
				ASSETCATALOG_COMPILER_LAUNCHIMAGE_NAME = LaunchImage;
				CODE_SIGN_IDENTITY = "iPhone Developer";
				GCC_PRECOMPILE_PREFIX_HEADER = YES;
				GCC_PREFIX_HEADER = "find/find-Prefix.pch";
				INFOPLIST_FILE = "find/find-Info.plist";
				IPHONEOS_DEPLOYMENT_TARGET = 6.0;
				LIBRARY_SEARCH_PATHS = (
					"$(inherited)",
					"/Users/zhangbin/Documents/Git/find-ios/find/Libraries/Qiniu/QiniuSDK",
				);
				PRODUCT_NAME = "$(TARGET_NAME)";
				WRAPPER_EXTENSION = app;
			};
			name = Release;
		};
		77A5F7DB17CB22960073E7F9 /* Debug */ = {
			isa = XCBuildConfiguration;
			buildSettings = {
				BUNDLE_LOADER = "$(BUILT_PRODUCTS_DIR)/find.app/find";
				FRAMEWORK_SEARCH_PATHS = (
					"$(SDKROOT)/Developer/Library/Frameworks",
					"$(inherited)",
					"$(DEVELOPER_FRAMEWORKS_DIR)",
				);
				GCC_PRECOMPILE_PREFIX_HEADER = YES;
				GCC_PREFIX_HEADER = "find/find-Prefix.pch";
				GCC_PREPROCESSOR_DEFINITIONS = (
					"DEBUG=1",
					"$(inherited)",
				);
				INFOPLIST_FILE = "findTests/findTests-Info.plist";
				PRODUCT_NAME = "$(TARGET_NAME)";
				TEST_HOST = "$(BUNDLE_LOADER)";
				WRAPPER_EXTENSION = xctest;
			};
			name = Debug;
		};
		77A5F7DC17CB22960073E7F9 /* Release */ = {
			isa = XCBuildConfiguration;
			buildSettings = {
				BUNDLE_LOADER = "$(BUILT_PRODUCTS_DIR)/find.app/find";
				FRAMEWORK_SEARCH_PATHS = (
					"$(SDKROOT)/Developer/Library/Frameworks",
					"$(inherited)",
					"$(DEVELOPER_FRAMEWORKS_DIR)",
				);
				GCC_PRECOMPILE_PREFIX_HEADER = YES;
				GCC_PREFIX_HEADER = "find/find-Prefix.pch";
				INFOPLIST_FILE = "findTests/findTests-Info.plist";
				PRODUCT_NAME = "$(TARGET_NAME)";
				TEST_HOST = "$(BUNDLE_LOADER)";
				WRAPPER_EXTENSION = xctest;
			};
			name = Release;
		};
/* End XCBuildConfiguration section */

/* Begin XCConfigurationList section */
		77A5F79A17CB22960073E7F9 /* Build configuration list for PBXProject "find" */ = {
			isa = XCConfigurationList;
			buildConfigurations = (
				77A5F7D517CB22960073E7F9 /* Debug */,
				77A5F7D617CB22960073E7F9 /* Release */,
			);
			defaultConfigurationIsVisible = 0;
			defaultConfigurationName = Release;
		};
		77A5F7D717CB22960073E7F9 /* Build configuration list for PBXNativeTarget "find" */ = {
			isa = XCConfigurationList;
			buildConfigurations = (
				77A5F7D817CB22960073E7F9 /* Debug */,
				77A5F7D917CB22960073E7F9 /* Release */,
			);
			defaultConfigurationIsVisible = 0;
			defaultConfigurationName = Release;
		};
		77A5F7DA17CB22960073E7F9 /* Build configuration list for PBXNativeTarget "findTests" */ = {
			isa = XCConfigurationList;
			buildConfigurations = (
				77A5F7DB17CB22960073E7F9 /* Debug */,
				77A5F7DC17CB22960073E7F9 /* Release */,
			);
			defaultConfigurationIsVisible = 0;
			defaultConfigurationName = Release;
		};
/* End XCConfigurationList section */
	};
	rootObject = 77A5F79717CB22960073E7F9 /* Project object */;
}
